{
  "version": 4,
  "terraform_version": "1.9.0",
  "serial": 4,
  "lineage": "5e66acc0-c2bf-2ea2-711a-0048cdf8fb21",
  "outputs": {},
  "resources": [
    {
      "mode": "managed",
      "type": "aws_iam_user",
      "name": "devopsusr1",
      "provider": "provider[\"registry.terraform.io/hashicorp/aws\"]",
      "instances": [
        {
          "schema_version": 0,
          "attributes": {
            "arn": "arn:aws:iam::135801388094:user/devopsusr1",
            "force_destroy": false,
            "id": "devopsusr1",
            "name": "devopsusr1",
            "path": "/",
            "permissions_boundary": "",
            "tags": null,
            "tags_all": {},
            "unique_id": "AIDAR7HTEXQ7PENIA4MSQ"
          },
          "sensitive_attributes": [],
          "private": "bnVsbA=="
        }
      ]
    }
  ],
  "check_results": null
}
